
Microsoft Visual Studio Solution File, Format Version 11.00
# Visual Studio 2010
Project("{FAE04EC0-301F-11D3-BF4B-00C04F79EFBC}") = "CSharpDemo", "CSharpDemo\CSharpDemo.csproj", "{CFF850DB-BFF3-44A6-A7E6-0AA9B4A48D75}"
EndProject
Global
	GlobalSection(SolutionConfigurationPlatforms) = preSolution
		Debug|Any CPU = Debug|Any CPU
		Release|Any CPU = Release|Any CPU
	EndGlobalSection
	GlobalSection(ProjectConfigurationPlatforms) = postSolution
		{CFF850DB-BFF3-44A6-A7E6-0AA9B4A48D75}.Debug|Any CPU.ActiveCfg = Debug|Any CPU
		{CFF850DB-BFF3-44A6-A7E6-0AA9B4A48D75}.Debug|Any CPU.Build.0 = Debug|Any CPU
		{CFF850DB-BFF3-44A6-A7E6-0AA9B4A48D75}.Release|Any CPU.ActiveCfg = Release|Any CPU
		{CFF850DB-BFF3-44A6-A7E6-0AA9B4A48D75}.Release|Any CPU.Build.0 = Release|Any CPU
	EndGlobalSection
	GlobalSection(SolutionProperties) = preSolution
		HideSolutionNode = FALSE
	EndGlobalSection
EndGlobal
